<?xml version="1.0" encoding="utf-8"?>
<Project ToolsVersion="4.0" xmlns="http://schemas.microsoft.com/developer/msbuild/2003">
  <ItemGroup>
    <Filter Include="Fichiers sources">
      <UniqueIdentifier>{4FC737F1-C7A5-4376-A066-2A32D752A2FF}</UniqueIdentifier>
      <Extensions>cpp;c;cc;cxx;def;odl;idl;hpj;bat;asm;asmx</Extensions>
    </Filter>
    <Filter Include="Fichiers d%27en-tête">
      <UniqueIdentifier>{93995380-89BD-4b04-88EB-625FBE52EBFB}</UniqueIdentifier>
      <Extensions>h;hh;hpp;hxx;hm;inl;inc;xsd</Extensions>
    </Filter>
    <Filter Include="Fichiers de ressources">
      <UniqueIdentifier>{67DA6AB6-F800-4c08-8B7A-83BB121AAD01}</UniqueIdentifier>
      <Extensions>rc;ico;cur;bmp;dlg;rc2;rct;bin;rgs;gif;jpg;jpeg;jpe;resx;tiff;tif;png;wav;mfcribbon-ms</Extensions>
    </Filter>
    <Filter Include="Fichiers de ressources\GameStates">
      <UniqueIdentifier>{418ed20e-792d-4eb6-abbe-59fb9f4a8e9d}</UniqueIdentifier>
    </Filter>
    <Filter Include="Fichiers de ressources\Tools">
      <UniqueIdentifier>{477c4f9b-86b4-4437-8bd2-443491d21f57}</UniqueIdentifier>
    </Filter>
    <Filter Include="Fichiers de ressources\Map">
      <UniqueIdentifier>{c391a971-7b63-4932-b3be-df118bbdd231}</UniqueIdentifier>
    </Filter>
    <Filter Include="Fichiers d%27en-tête\GameStates">
      <UniqueIdentifier>{73c8fa98-b516-49a8-af8c-a75de5c7807c}</UniqueIdentifier>
    </Filter>
    <Filter Include="Fichiers d%27en-tête\Map">
      <UniqueIdentifier>{a0b7b3f4-983b-4e94-893a-0bbc6b683ec2}</UniqueIdentifier>
    </Filter>
    <Filter Include="Fichiers d%27en-tête\Map\Blocks">
      <UniqueIdentifier>{cba1f1c6-5339-4842-b241-16fdd233c926}</UniqueIdentifier>
    </Filter>
    <Filter Include="Fichiers d%27en-tête\Tools">
      <UniqueIdentifier>{6a24adc5-f4dc-4447-8328-2a583047ea48}</UniqueIdentifier>
    </Filter>
    <Filter Include="Fichiers d%27en-tête\Map\Initializer">
      <UniqueIdentifier>{d2555f87-5eed-4d58-a644-59f27ca459de}</UniqueIdentifier>
    </Filter>
    <Filter Include="Fichiers de ressources\Map\Initializer">
      <UniqueIdentifier>{6a852c5b-a0f1-48c8-8a1e-0310e1cc1d8f}</UniqueIdentifier>
    </Filter>
  </ItemGroup>
  <ItemGroup>
    <ClCompile Include="Source\AsciiGame.cpp">
      <Filter>Fichiers de ressources</Filter>
    </ClCompile>
    <ClCompile Include="Source\GameStateGame.cpp">
      <Filter>Fichiers de ressources\GameStates</Filter>
    </ClCompile>
    <ClCompile Include="Source\GameStateMenu.cpp">
      <Filter>Fichiers de ressources\GameStates</Filter>
    </ClCompile>
    <ClCompile Include="Source\GameStatePause.cpp">
      <Filter>Fichiers de ressources\GameStates</Filter>
    </ClCompile>
    <ClCompile Include="Source\Timer.cpp">
      <Filter>Fichiers de ressources\Tools</Filter>
    </ClCompile>
    <ClCompile Include="Source\GameStateMachine.cpp">
      <Filter>Fichiers de ressources\Tools</Filter>
    </ClCompile>
    <ClCompile Include="Source\GraphicEngine.cpp">
      <Filter>Fichiers de ressources\Tools</Filter>
    </ClCompile>
    <ClCompile Include="Source\InputController.cpp">
      <Filter>Fichiers de ressources\Tools</Filter>
    </ClCompile>
    <ClCompile Include="Source\GameState.cpp">
      <Filter>Fichiers de ressources\Tools</Filter>
    </ClCompile>
    <ClCompile Include="Source\Block.cpp">
      <Filter>Fichiers de ressources\Map</Filter>
    </ClCompile>
    <ClCompile Include="Source\GameMap.cpp">
      <Filter>Fichiers de ressources\Map</Filter>
    </ClCompile>
    <ClCompile Include="Source\Event.cpp">
      <Filter>Fichiers de ressources\Tools</Filter>
    </ClCompile>
    <ClCompile Include="Source\BorderInitializer.cpp">
      <Filter>Fichiers de ressources\Map\Initializer</Filter>
    </ClCompile>
  </ItemGroup>
  <ItemGroup>
    <ClInclude Include="Header\Block.h">
      <Filter>Fichiers d%27en-tête\Map</Filter>
    </ClInclude>
    <ClInclude Include="Header\Event.h">
      <Filter>Fichiers d%27en-tête\Tools</Filter>
    </ClInclude>
    <ClInclude Include="Header\GameMap.h">
      <Filter>Fichiers d%27en-tête\Map</Filter>
    </ClInclude>
    <ClInclude Include="Header\GameState.h">
      <Filter>Fichiers d%27en-tête\Tools</Filter>
    </ClInclude>
    <ClInclude Include="Header\GameStateGame.h">
      <Filter>Fichiers d%27en-tête\GameStates</Filter>
    </ClInclude>
    <ClInclude Include="Header\GameStateMenu.h">
      <Filter>Fichiers d%27en-tête\GameStates</Filter>
    </ClInclude>
    <ClInclude Include="Header\GameStatePause.h">
      <Filter>Fichiers d%27en-tête\GameStates</Filter>
    </ClInclude>
    <ClInclude Include="Header\GameStateMachine.h">
      <Filter>Fichiers d%27en-tête\Tools</Filter>
    </ClInclude>
    <ClInclude Include="Header\GraphicEngine.h">
      <Filter>Fichiers d%27en-tête\Tools</Filter>
    </ClInclude>
    <ClInclude Include="Header\InputController.h">
      <Filter>Fichiers d%27en-tête\Tools</Filter>
    </ClInclude>
    <ClInclude Include="Header\Timer.h">
      <Filter>Fichiers d%27en-tête\Tools</Filter>
    </ClInclude>
    <ClInclude Include="Header\Vector2.h">
      <Filter>Fichiers d%27en-tête\Tools</Filter>
    </ClInclude>
    <ClInclude Include="Header\BorderBlock.h">
      <Filter>Fichiers d%27en-tête\Map\Blocks</Filter>
    </ClInclude>
    <ClInclude Include="Header\NormalBlock.h">
      <Filter>Fichiers d%27en-tête\Map\Blocks</Filter>
    </ClInclude>
    <ClInclude Include="Header\Initializer.h">
      <Filter>Fichiers d%27en-tête\Map</Filter>
    </ClInclude>
    <ClInclude Include="Header\BorderInitializer.h">
      <Filter>Fichiers d%27en-tête\Map\Initializer</Filter>
    </ClInclude>
    <ClInclude Include="Header\VoidBlock.h">
      <Filter>Fichiers d%27en-tête\Map\Blocks</Filter>
    </ClInclude>
  </ItemGroup>
</Project>